// !$*UTF8*$!
{
	archiveVersion = 1;
	classes = {
	};
	objectVersion = 46;
	objects = {

/* Begin PBXBuildFile section */
		E9D511F21A2FB1F200CE718E /* main.cpp in Sources */ = {isa = PBXBuildFile; fileRef = E9D511F11A2FB1F200CE718E /* main.cpp */; };
		E9D511FA1A2FB21900CE718E /* knapsack.cpp in Sources */ = {isa = PBXBuildFile; fileRef = E9D511F91A2FB21900CE718E /* knapsack.cpp */; };
/* End PBXBuildFile section */

/* Begin PBXCopyFilesBuildPhase section */
		E9D511EC1A2FB1F200CE718E /* CopyFiles */ = {
			isa = PBXCopyFilesBuildPhase;
			buildActionMask = 2147483647;
			dstPath = /usr/share/man/man1/;
			dstSubfolderSpec = 0;
			files = (
			);
			runOnlyForDeploymentPostprocessing = 1;
		};
/* End PBXCopyFilesBuildPhase section */

/* Begin PBXFileReference section */
		E9D511EE1A2FB1F200CE718E /* knapsack */ = {isa = PBXFileReference; explicitFileType = "compiled.mach-o.executable"; includeInIndex = 0; path = knapsack; sourceTree = BUILT_PRODUCTS_DIR; };
		E9D511F11A2FB1F200CE718E /* main.cpp */ = {isa = PBXFileReference; lastKnownFileType = sourcecode.cpp.cpp; path = main.cpp; sourceTree = "<group>"; };
		E9D511F81A2FB20600CE718E /* knapsack.h */ = {isa = PBXFileReference; fileEncoding = 4; lastKnownFileType = sourcecode.c.h; path = knapsack.h; sourceTree = "<group>"; };
		E9D511F91A2FB21900CE718E /* knapsack.cpp */ = {isa = PBXFileReference; fileEncoding = 4; lastKnownFileType = sourcecode.cpp.cpp; path = knapsack.cpp; sourceTree = "<group>"; };
/* End PBXFileReference section */

/* Begin PBXFrameworksBuildPhase section */
		E9D511EB1A2FB1F200CE718E /* Frameworks */ = {
			isa = PBXFrameworksBuildPhase;
			buildActionMask = 2147483647;
			files = (
			);
			runOnlyForDeploymentPostprocessing = 0;
		};
/* End PBXFrameworksBuildPhase section */

/* Begin PBXGroup section */
		E9D511E51A2FB1F200CE718E = {
			isa = PBXGroup;
			children = (
				E9D511F01A2FB1F200CE718E /* knapsack */,
				E9D511EF1A2FB1F200CE718E /* Products */,
			);
			sourceTree = "<group>";
		};
		E9D511EF1A2FB1F200CE718E /* Products */ = {
			isa = PBXGroup;
			children = (
				E9D511EE1A2FB1F200CE718E /* knapsack */,
			);
			name = Products;
			sourceTree = "<group>";
		};
		E9D511F01A2FB1F200CE718E /* knapsack */ = {
			isa = PBXGroup;
			children = (
				E9D511F81A2FB20600CE718E /* knapsack.h */,
				E9D511F91A2FB21900CE718E /* knapsack.cpp */,
				E9D511F11A2FB1F200CE718E /* main.cpp */,
			);
			path = knapsack;
			sourceTree = "<group>";
		};
/* End PBXGroup section */

/* Begin PBXNativeTarget section */
		E9D511ED1A2FB1F200CE718E /* knapsack */ = {
			isa = PBXNativeTarget;
			buildConfigurationList = E9D511F51A2FB1F200CE718E /* Build configuration list for PBXNativeTarget "knapsack" */;
			buildPhases = (
				E9D511EA1A2FB1F200CE718E /* Sources */,
				E9D511EB1A2FB1F200CE718E /* Frameworks */,
				E9D511EC1A2FB1F200CE718E /* CopyFiles */,
			);
			buildRules = (
			);
			dependencies = (
			);
			name = knapsack;
			productName = knapsack;
			productReference = E9D511EE1A2FB1F200CE718E /* knapsack */;
			productType = "com.apple.product-type.tool";
		};
/* End PBXNativeTarget section */

/* Begin PBXProject section */
		E9D511E61A2FB1F200CE718E /* Project object */ = {
			isa = PBXProject;
			attributes = {
				LastUpgradeCheck = 0610;
				ORGANIZATIONNAME = "Dan Shevlyuk";
				TargetAttributes = {
					E9D511ED1A2FB1F200CE718E = {
						CreatedOnToolsVersion = 6.1.1;
					};
				};
			};
			buildConfigurationList = E9D511E91A2FB1F200CE718E /* Build configuration list for PBXProject "knapsack" */;
			compatibilityVersion = "Xcode 3.2";
			developmentRegion = English;
			hasScannedForEncodings = 0;
			knownRegions = (
				en,
			);
			mainGroup = E9D511E51A2FB1F200CE718E;
			productRefGroup = E9D511EF1A2FB1F200CE718E /* Products */;
			projectDirPath = "";
			projectRoot = "";
			targets = (
				E9D511ED1A2FB1F200CE718E /* knapsack */,
			);
		};
/* End PBXProject section */

/* Begin PBXSourcesBuildPhase section */
		E9D511EA1A2FB1F200CE718E /* Sources */ = {
			isa = PBXSourcesBuildPhase;
			buildActionMask = 2147483647;
			files = (
				E9D511F21A2FB1F200CE718E /* main.cpp in Sources */,
				E9D511FA1A2FB21900CE718E /* knapsack.cpp in Sources */,
			);
			runOnlyForDeploymentPostprocessing = 0;
		};
/* End PBXSourcesBuildPhase section */

/* Begin XCBuildConfiguration section */
		E9D511F31A2FB1F200CE718E /* Debug */ = {
			isa = XCBuildConfiguration;
			buildSettings = {
				ALWAYS_SEARCH_USER_PATHS = NO;
				CLANG_CXX_LANGUAGE_STANDARD = "gnu++0x";
				CLANG_CXX_LIBRARY = "libc++";
				CLANG_ENABLE_MODULES = YES;
				CLANG_ENABLE_OBJC_ARC = YES;
				CLANG_WARN_BOOL_CONVERSION = YES;
				CLANG_WARN_CONSTANT_CONVERSION = YES;
				CLANG_WARN_DIRECT_OBJC_ISA_USAGE = YES_ERROR;
				CLANG_WARN_EMPTY_BODY = YES;
				CLANG_WARN_ENUM_CONVERSION = YES;
				CLANG_WARN_INT_CONVERSION = YES;
				CLANG_WARN_OBJC_ROOT_CLASS = YES_ERROR;
				CLANG_WARN_UNREACHABLE_CODE = YES;
				CLANG_WARN__DUPLICATE_METHOD_MATCH = YES;
				COPY_PHASE_STRIP = NO;
				ENABLE_STRICT_OBJC_MSGSEND = YES;
				GCC_C_LANGUAGE_STANDARD = gnu99;
				GCC_DYNAMIC_NO_PIC = NO;
				GCC_OPTIMIZATION_LEVEL = 0;
				GCC_PREPROCESSOR_DEFINITIONS = (
					"DEBUG=1",
					"$(inherited)",
				);
				GCC_SYMBOLS_PRIVATE_EXTERN = NO;
				GCC_WARN_64_TO_32_BIT_CONVERSION = YES;
				GCC_WARN_ABOUT_RETURN_TYPE = YES_ERROR;
				GCC_WARN_UNDECLARED_SELECTOR = YES;
				GCC_WARN_UNINITIALIZED_AUTOS = YES_AGGRESSIVE;
				GCC_WARN_UNUSED_FUNCTION = YES;
				GCC_WARN_UNUSED_VARIABLE = YES;
				MACOSX_DEPLOYMENT_TARGET = 10.10;
				MTL_ENABLE_DEBUG_INFO = YES;
				ONLY_ACTIVE_ARCH = YES;
				SDKROOT = macosx;
			};
			name = Debug;
		};
		E9D511F41A2FB1F200CE718E /* Release */ = {
			isa = XCBuildConfiguration;
			buildSettings = {
				ALWAYS_SEARCH_USER_PATHS = NO;
				CLANG_CXX_LANGUAGE_STANDARD = "gnu++0x";
				CLANG_CXX_LIBRARY = "libc++";
				CLANG_ENABLE_MODULES = YES;
				CLANG_ENABLE_OBJC_ARC = YES;
				CLANG_WARN_BOOL_CONVERSION = YES;
				CLANG_WARN_CONSTANT_CONVERSION = YES;
				CLANG_WARN_DIRECT_OBJC_ISA_USAGE = YES_ERROR;
				CLANG_WARN_EMPTY_BODY = YES;
				CLANG_WARN_ENUM_CONVERSION = YES;
				CLANG_WARN_INT_CONVERSION = YES;
				CLANG_WARN_OBJC_ROOT_CLASS = YES_ERROR;
				CLANG_WARN_UNREACHABLE_CODE = YES;
				CLANG_WARN__DUPLICATE_METHOD_MATCH = YES;
				COPY_PHASE_STRIP = YES;
				DEBUG_INFORMATION_FORMAT = "dwarf-with-dsym";
				ENABLE_NS_ASSERTIONS = NO;
				ENABLE_STRICT_OBJC_MSGSEND = YES;
				GCC_C_LANGUAGE_STANDARD = gnu99;
				GCC_WARN_64_TO_32_BIT_CONVERSION = YES;
				GCC_WARN_ABOUT_RETURN_TYPE = YES_ERROR;
				GCC_WARN_UNDECLARED_SELECTOR = YES;
				GCC_WARN_UNINITIALIZED_AUTOS = YES_AGGRESSIVE;
				GCC_WARN_UNUSED_FUNCTION = YES;
				GCC_WARN_UNUSED_VARIABLE = YES;
				MACOSX_DEPLOYMENT_TARGET = 10.10;
				MTL_ENABLE_DEBUG_INFO = NO;
				SDKROOT = macosx;
			};
			name = Release;
		};
		E9D511F61A2FB1F200CE718E /* Debug */ = {
			isa = XCBuildConfiguration;
			buildSettings = {
				PRODUCT_NAME = "$(TARGET_NAME)";
			};
			name = Debug;
		};
		E9D511F71A2FB1F200CE718E /* Release */ = {
			isa = XCBuildConfiguration;
			buildSettings = {
				PRODUCT_NAME = "$(TARGET_NAME)";
			};
			name = Release;
		};
/* End XCBuildConfiguration section */

/* Begin XCConfigurationList section */
		E9D511E91A2FB1F200CE718E /* Build configuration list for PBXProject "knapsack" */ = {
			isa = XCConfigurationList;
			buildConfigurations = (
				E9D511F31A2FB1F200CE718E /* Debug */,
				E9D511F41A2FB1F200CE718E /* Release */,
			);
			defaultConfigurationIsVisible = 0;
			defaultConfigurationName = Release;
		};
		E9D511F51A2FB1F200CE718E /* Build configuration list for PBXNativeTarget "knapsack" */ = {
			isa = XCConfigurationList;
			buildConfigurations = (
				E9D511F61A2FB1F200CE718E /* Debug */,
				E9D511F71A2FB1F200CE718E /* Release */,
			);
			defaultConfigurationIsVisible = 0;
		};
/* End XCConfigurationList section */
	};
	rootObject = E9D511E61A2FB1F200CE718E /* Project object */;
}
